
Microsoft Visual Studio Solution File, Format Version 12.00
# Visual Studio 15
Project("{FAE04EC0-301F-11D3-BF4B-00C04F79EFBC}") = "Assembly-CSharp", "Assembly-CSharp.csproj", "{DDFBC18F-9396-3137-9CFE-DEB2CDB74636}"
EndProject
Project("{FAE04EC0-301F-11D3-BF4B-00C04F79EFBC}") = "Assembly-CSharp-firstpass", "Assembly-CSharp-firstpass.csproj", "{D8888F6A-ABE1-C49B-1A38-F65A81021668}"
EndProject
Project("{FAE04EC0-301F-11D3-BF4B-00C04F79EFBC}") = "Assembly-CSharp-Editor", "Assembly-CSharp-Editor.csproj", "{196F3426-96BD-E564-A156-57572DB80A48}"
EndProject
Project("{FAE04EC0-301F-11D3-BF4B-00C04F79EFBC}") = "Assembly-CSharp-Editor-firstpass", "Assembly-CSharp-Editor-firstpass.csproj", "{075A8A06-755D-8732-2919-A4C453AA8ED0}"
EndProject
Global
	GlobalSection(SolutionConfigurationPlatforms) = preSolution
		Debug|Any CPU = Debug|Any CPU
		Release|Any CPU = Release|Any CPU
	EndGlobalSection
	GlobalSection(ProjectConfigurationPlatforms) = postSolution
		{DDFBC18F-9396-3137-9CFE-DEB2CDB74636}.Debug|Any CPU.ActiveCfg = Debug|Any CPU
		{DDFBC18F-9396-3137-9CFE-DEB2CDB74636}.Debug|Any CPU.Build.0 = Debug|Any CPU
		{DDFBC18F-9396-3137-9CFE-DEB2CDB74636}.Release|Any CPU.ActiveCfg = Release|Any CPU
		{DDFBC18F-9396-3137-9CFE-DEB2CDB74636}.Release|Any CPU.Build.0 = Release|Any CPU
		{D8888F6A-ABE1-C49B-1A38-F65A81021668}.Debug|Any CPU.ActiveCfg = Debug|Any CPU
		{D8888F6A-ABE1-C49B-1A38-F65A81021668}.Debug|Any CPU.Build.0 = Debug|Any CPU
		{D8888F6A-ABE1-C49B-1A38-F65A81021668}.Release|Any CPU.ActiveCfg = Release|Any CPU
		{D8888F6A-ABE1-C49B-1A38-F65A81021668}.Release|Any CPU.Build.0 = Release|Any CPU
		{196F3426-96BD-E564-A156-57572DB80A48}.Debug|Any CPU.ActiveCfg = Debug|Any CPU
		{196F3426-96BD-E564-A156-57572DB80A48}.Debug|Any CPU.Build.0 = Debug|Any CPU
		{196F3426-96BD-E564-A156-57572DB80A48}.Release|Any CPU.ActiveCfg = Release|Any CPU
		{196F3426-96BD-E564-A156-57572DB80A48}.Release|Any CPU.Build.0 = Release|Any CPU
		{075A8A06-755D-8732-2919-A4C453AA8ED0}.Debug|Any CPU.ActiveCfg = Debug|Any CPU
		{075A8A06-755D-8732-2919-A4C453AA8ED0}.Debug|Any CPU.Build.0 = Debug|Any CPU
		{075A8A06-755D-8732-2919-A4C453AA8ED0}.Release|Any CPU.ActiveCfg = Release|Any CPU
		{075A8A06-755D-8732-2919-A4C453AA8ED0}.Release|Any CPU.Build.0 = Release|Any CPU
	EndGlobalSection
	GlobalSection(SolutionProperties) = preSolution
		HideSolutionNode = FALSE
	EndGlobalSection
EndGlobal
